
Microsoft Visual Studio Solution File, Format Version 12.00
# Visual Studio Version 16
VisualStudioVersion = 16.0.31205.134
MinimumVisualStudioVersion = 10.0.40219.1
Project("{FAE04EC0-301F-11D3-BF4B-00C04F79EFBC}") = "BioService", "BioService\BioService.csproj", "{34E84D73-CF8B-4676-A22D-CB41E99736AA}"
EndProject
Global
	GlobalSection(SolutionConfigurationPlatforms) = preSolution
		Debug|Any CPU = Debug|Any CPU
		Release|Any CPU = Release|Any CPU
	EndGlobalSection
	GlobalSection(ProjectConfigurationPlatforms) = postSolution
		{34E84D73-CF8B-4676-A22D-CB41E99736AA}.Debug|Any CPU.ActiveCfg = Debug|Any CPU
		{34E84D73-CF8B-4676-A22D-CB41E99736AA}.Debug|Any CPU.Build.0 = Debug|Any CPU
		{34E84D73-CF8B-4676-A22D-CB41E99736AA}.Release|Any CPU.ActiveCfg = Release|Any CPU
		{34E84D73-CF8B-4676-A22D-CB41E99736AA}.Release|Any CPU.Build.0 = Release|Any CPU
	EndGlobalSection
	GlobalSection(SolutionProperties) = preSolution
		HideSolutionNode = FALSE
	EndGlobalSection
	GlobalSection(ExtensibilityGlobals) = postSolution
		SolutionGuid = {80B41377-2D0E-4046-8192-C853DF51AC7C}
	EndGlobalSection
EndGlobal
